<?xml version="1.0" encoding="utf-8"?>
<Project ToolsVersion="4.0" xmlns="http://schemas.microsoft.com/developer/msbuild/2003">
  <ItemGroup>
    <Filter Include="Source Files">
      <UniqueIdentifier>{4FC737F1-C7A5-4376-A066-2A32D752A2FF}</UniqueIdentifier>
      <Extensions>cpp;c;cc;cxx;c++;cppm;ixx;def;odl;idl;hpj;bat;asm;asmx</Extensions>
    </Filter>
    <Filter Include="Header Files">
      <UniqueIdentifier>{93995380-89BD-4b04-88EB-625FBE52EBFB}</UniqueIdentifier>
      <Extensions>h;hh;hpp;hxx;h++;hm;inl;inc;ipp;xsd</Extensions>
    </Filter>
    <Filter Include="Resource Files">
      <UniqueIdentifier>{67DA6AB6-F800-4c08-8B7A-83BB121AAD01}</UniqueIdentifier>
      <Extensions>rc;ico;cur;bmp;dlg;rc2;rct;bin;rgs;gif;jpg;jpeg;jpe;resx;tiff;tif;png;wav;mfcribbon-ms</Extensions>
    </Filter>
    <Filter Include="File Stream">
      <UniqueIdentifier>{172ab15e-0eee-431d-a1b8-b87fbe19e866}</UniqueIdentifier>
    </Filter>
    <Filter Include="Shaders">
      <UniqueIdentifier>{9bb5c553-6ec3-4426-b9f1-c9facff8dfda}</UniqueIdentifier>
    </Filter>
    <Filter Include="Shader Manager">
      <UniqueIdentifier>{d5b11c77-da9c-41d3-bd1a-432fe45ca0c0}</UniqueIdentifier>
    </Filter>
    <Filter Include="VAO Manager">
      <UniqueIdentifier>{1ba61660-352e-4c78-85e3-08d6e8ecba9a}</UniqueIdentifier>
    </Filter>
  </ItemGroup>
  <ItemGroup>
    <Text Include="cameraEye.txt">
      <Filter>File Stream</Filter>
    </Text>
    <Text Include="sceneDescription.txt">
      <Filter>File Stream</Filter>
    </Text>
    <Text Include="readFile.txt">
      <Filter>File Stream</Filter>
    </Text>
  </ItemGroup>
  <ItemGroup>
    <ClCompile Include="glad.c">
      <Filter>Source Files</Filter>
    </ClCompile>
    <ClCompile Include="main.cpp">
      <Filter>Source Files</Filter>
    </ClCompile>
    <ClCompile Include="MeshInfo.cpp">
      <Filter>Source Files</Filter>
    </ClCompile>
    <ClCompile Include="cShaderManager\cShaderManager.cpp">
      <Filter>Shader Manager</Filter>
    </ClCompile>
    <ClCompile Include="cShaderManager\cShader.cpp">
      <Filter>Shader Manager</Filter>
    </ClCompile>
    <ClCompile Include="cVAOManager\cVAOManager.cpp">
      <Filter>VAO Manager</Filter>
    </ClCompile>
    <ClCompile Include="AABB.cpp">
      <Filter>Source Files</Filter>
    </ClCompile>
    <ClCompile Include="Particle.cpp">
      <Filter>Source Files</Filter>
    </ClCompile>
    <ClCompile Include="LoadModel.cpp">
      <Filter>Source Files</Filter>
    </ClCompile>
    <ClCompile Include="ParticleAccelerator.cpp">
      <Filter>Source Files</Filter>
    </ClCompile>
    <ClCompile Include="DrawBoundingBox.cpp">
      <Filter>Source Files</Filter>
    </ClCompile>
  </ItemGroup>
  <ItemGroup>
    <ClInclude Include="cShaderManager\cShaderManager.h">
      <Filter>Shader Manager</Filter>
    </ClInclude>
    <ClInclude Include="cVAOManager\cVAOManager.h">
      <Filter>VAO Manager</Filter>
    </ClInclude>
    <ClInclude Include="OpenGL.h">
      <Filter>Header Files</Filter>
    </ClInclude>
    <ClInclude Include="MeshInfo.h">
      <Filter>Header Files</Filter>
    </ClInclude>
    <ClInclude Include="AABB.h">
      <Filter>Header Files</Filter>
    </ClInclude>
    <ClInclude Include="Particle.h">
      <Filter>Header Files</Filter>
    </ClInclude>
    <ClInclude Include="LoadModel.h">
      <Filter>Header Files</Filter>
    </ClInclude>
    <ClInclude Include="ParticleAccelerator.h">
      <Filter>Header Files</Filter>
    </ClInclude>
    <ClInclude Include="DrawBoundingBox.h">
      <Filter>Header Files</Filter>
    </ClInclude>
  </ItemGroup>
  <ItemGroup>
    <None Include="shaders\vertexShader.glsl">
      <Filter>Shaders</Filter>
    </None>
    <None Include="shaders\fragmentShader.glsl">
      <Filter>Shaders</Filter>
    </None>
  </ItemGroup>
</Project>